
Microsoft Visual Studio Solution File, Format Version 12.00
Project("{FAE04EC0-301F-11D3-BF4B-00C04F79EFBC}") = "LiteArch.Lab.Apps.Seeder", "LiteArch.Lab.Apps.Seeder\LiteArch.Lab.Apps.Seeder.csproj", "{CDA8374C-2533-4EBD-B8C0-0115A4627F1B}"
EndProject
Global
	GlobalSection(SolutionConfigurationPlatforms) = preSolution
		Debug|Any CPU = Debug|Any CPU
		Release|Any CPU = Release|Any CPU
	EndGlobalSection
	GlobalSection(ProjectConfigurationPlatforms) = postSolution
		{CDA8374C-2533-4EBD-B8C0-0115A4627F1B}.Debug|Any CPU.ActiveCfg = Debug|Any CPU
		{CDA8374C-2533-4EBD-B8C0-0115A4627F1B}.Debug|Any CPU.Build.0 = Debug|Any CPU
		{CDA8374C-2533-4EBD-B8C0-0115A4627F1B}.Release|Any CPU.ActiveCfg = Release|Any CPU
		{CDA8374C-2533-4EBD-B8C0-0115A4627F1B}.Release|Any CPU.Build.0 = Release|Any CPU
	EndGlobalSection
EndGlobal
